
Microsoft Visual Studio Solution File, Format Version 12.00
# Visual Studio Version 17
VisualStudioVersion = 17.11.35312.102
MinimumVisualStudioVersion = 10.0.40219.1
Project("{9A19103F-16F7-4668-BE54-9A1E7A4F7556}") = "ConsoleApp", "ConsoleApp.csproj", "{3BC5D87E-E06B-4862-B814-B2409F826EA0}"
EndProject
Project("{9A19103F-16F7-4668-BE54-9A1E7A4F7556}") = "DAL", "..\DALL\DAL.csproj", "{0C2CD65A-7260-4C4A-9038-CCE588FB5F57}"
EndProject
Project("{9A19103F-16F7-4668-BE54-9A1E7A4F7556}") = "DALEF", "..\DALEF2\DALEF.csproj", "{2CFC2422-D0BF-45F6-AA2F-4800BE15550B}"
EndProject
Project("{9A19103F-16F7-4668-BE54-9A1E7A4F7556}") = "DOT", "..\DOT\DOT.csproj", "{28A3F3B2-89F5-483E-859B-45EEC31DD98E}"
EndProject
Project("{FAE04EC0-301F-11D3-BF4B-00C04F79EFBC}") = "ProjectTest", "..\ProjectTest\ProjectTest.csproj", "{FCD208F4-0745-47E2-8560-9411FB3C8059}"
EndProject
Global
	GlobalSection(SolutionConfigurationPlatforms) = preSolution
		Debug|Any CPU = Debug|Any CPU
		Release|Any CPU = Release|Any CPU
	EndGlobalSection
	GlobalSection(ProjectConfigurationPlatforms) = postSolution
		{3BC5D87E-E06B-4862-B814-B2409F826EA0}.Debug|Any CPU.ActiveCfg = Debug|Any CPU
		{3BC5D87E-E06B-4862-B814-B2409F826EA0}.Debug|Any CPU.Build.0 = Debug|Any CPU
		{3BC5D87E-E06B-4862-B814-B2409F826EA0}.Release|Any CPU.ActiveCfg = Release|Any CPU
		{3BC5D87E-E06B-4862-B814-B2409F826EA0}.Release|Any CPU.Build.0 = Release|Any CPU
		{0C2CD65A-7260-4C4A-9038-CCE588FB5F57}.Debug|Any CPU.ActiveCfg = Debug|Any CPU
		{0C2CD65A-7260-4C4A-9038-CCE588FB5F57}.Debug|Any CPU.Build.0 = Debug|Any CPU
		{0C2CD65A-7260-4C4A-9038-CCE588FB5F57}.Release|Any CPU.ActiveCfg = Release|Any CPU
		{0C2CD65A-7260-4C4A-9038-CCE588FB5F57}.Release|Any CPU.Build.0 = Release|Any CPU
		{2CFC2422-D0BF-45F6-AA2F-4800BE15550B}.Debug|Any CPU.ActiveCfg = Debug|Any CPU
		{2CFC2422-D0BF-45F6-AA2F-4800BE15550B}.Debug|Any CPU.Build.0 = Debug|Any CPU
		{2CFC2422-D0BF-45F6-AA2F-4800BE15550B}.Release|Any CPU.ActiveCfg = Release|Any CPU
		{2CFC2422-D0BF-45F6-AA2F-4800BE15550B}.Release|Any CPU.Build.0 = Release|Any CPU
		{28A3F3B2-89F5-483E-859B-45EEC31DD98E}.Debug|Any CPU.ActiveCfg = Debug|Any CPU
		{28A3F3B2-89F5-483E-859B-45EEC31DD98E}.Debug|Any CPU.Build.0 = Debug|Any CPU
		{28A3F3B2-89F5-483E-859B-45EEC31DD98E}.Release|Any CPU.ActiveCfg = Release|Any CPU
		{28A3F3B2-89F5-483E-859B-45EEC31DD98E}.Release|Any CPU.Build.0 = Release|Any CPU
		{FCD208F4-0745-47E2-8560-9411FB3C8059}.Debug|Any CPU.ActiveCfg = Debug|Any CPU
		{FCD208F4-0745-47E2-8560-9411FB3C8059}.Debug|Any CPU.Build.0 = Debug|Any CPU
		{FCD208F4-0745-47E2-8560-9411FB3C8059}.Release|Any CPU.ActiveCfg = Release|Any CPU
		{FCD208F4-0745-47E2-8560-9411FB3C8059}.Release|Any CPU.Build.0 = Release|Any CPU
	EndGlobalSection
	GlobalSection(SolutionProperties) = preSolution
		HideSolutionNode = FALSE
	EndGlobalSection
	GlobalSection(ExtensibilityGlobals) = postSolution
		SolutionGuid = {1F4AFF4C-1CB7-4513-8EFE-F51BBD4B1F69}
	EndGlobalSection
EndGlobal
